
Microsoft Visual Studio Solution File, Format Version 12.00
# Visual Studio Version 17
VisualStudioVersion = 17.5.33516.290
MinimumVisualStudioVersion = 10.0.40219.1
Project("{FAE04EC0-301F-11D3-BF4B-00C04F79EFBC}") = "week4loops", "week4loops\week4loops.csproj", "{505AD7E0-832E-4E52-B373-F7E0913EF315}"
EndProject
Project("{FAE04EC0-301F-11D3-BF4B-00C04F79EFBC}") = "week4whıleloop", "week4whıleloop\week4whıleloop.csproj", "{08E5A35A-A642-4E2B-AFE7-495F4D1185BA}"
EndProject
Global
	GlobalSection(SolutionConfigurationPlatforms) = preSolution
		Debug|Any CPU = Debug|Any CPU
		Release|Any CPU = Release|Any CPU
	EndGlobalSection
	GlobalSection(ProjectConfigurationPlatforms) = postSolution
		{505AD7E0-832E-4E52-B373-F7E0913EF315}.Debug|Any CPU.ActiveCfg = Debug|Any CPU
		{505AD7E0-832E-4E52-B373-F7E0913EF315}.Debug|Any CPU.Build.0 = Debug|Any CPU
		{505AD7E0-832E-4E52-B373-F7E0913EF315}.Release|Any CPU.ActiveCfg = Release|Any CPU
		{505AD7E0-832E-4E52-B373-F7E0913EF315}.Release|Any CPU.Build.0 = Release|Any CPU
		{08E5A35A-A642-4E2B-AFE7-495F4D1185BA}.Debug|Any CPU.ActiveCfg = Debug|Any CPU
		{08E5A35A-A642-4E2B-AFE7-495F4D1185BA}.Debug|Any CPU.Build.0 = Debug|Any CPU
		{08E5A35A-A642-4E2B-AFE7-495F4D1185BA}.Release|Any CPU.ActiveCfg = Release|Any CPU
		{08E5A35A-A642-4E2B-AFE7-495F4D1185BA}.Release|Any CPU.Build.0 = Release|Any CPU
	EndGlobalSection
	GlobalSection(SolutionProperties) = preSolution
		HideSolutionNode = FALSE
	EndGlobalSection
	GlobalSection(ExtensibilityGlobals) = postSolution
		SolutionGuid = {5C9CC6EF-21D1-4EE1-9DD1-8961BD708BA7}
	EndGlobalSection
EndGlobal
